// !$*UTF8*$!
{
	archiveVersion = 1;
	classes = {
	};
	objectVersion = 55;
	objects = {

/* Begin PBXBuildFile section */
		6C4FDA8B277B73A60039FF55 /* AppDelegate.m in Sources */ = {isa = PBXBuildFile; fileRef = 6C4FDA8A277B73A60039FF55 /* AppDelegate.m */; };
		6C4FDA8E277B73A60039FF55 /* SceneDelegate.m in Sources */ = {isa = PBXBuildFile; fileRef = 6C4FDA8D277B73A60039FF55 /* SceneDelegate.m */; };
		6C4FDA91277B73A60039FF55 /* ViewController.m in Sources */ = {isa = PBXBuildFile; fileRef = 6C4FDA90277B73A60039FF55 /* ViewController.m */; };
		6C4FDA94277B73A60039FF55 /* Main.storyboard in Resources */ = {isa = PBXBuildFile; fileRef = 6C4FDA92277B73A60039FF55 /* Main.storyboard */; };
		6C4FDA96277B73A70039FF55 /* Assets.xcassets in Resources */ = {isa = PBXBuildFile; fileRef = 6C4FDA95277B73A70039FF55 /* Assets.xcassets */; };
		6C4FDA99277B73A70039FF55 /* LaunchScreen.storyboard in Resources */ = {isa = PBXBuildFile; fileRef = 6C4FDA97277B73A70039FF55 /* LaunchScreen.storyboard */; };
		6C4FDA9C277B73A70039FF55 /* main.m in Sources */ = {isa = PBXBuildFile; fileRef = 6C4FDA9B277B73A70039FF55 /* main.m */; };
		6C4FDAA7277B73C60039FF55 /* SecondVC.swift in Sources */ = {isa = PBXBuildFile; fileRef = 6C4FDAA6277B73C60039FF55 /* SecondVC.swift */; };
/* End PBXBuildFile section */

/* Begin PBXFileReference section */
		6C4FDA86277B73A60039FF55 /* ObjcWithSwift.app */ = {isa = PBXFileReference; explicitFileType = wrapper.application; includeInIndex = 0; path = ObjcWithSwift.app; sourceTree = BUILT_PRODUCTS_DIR; };
		6C4FDA89277B73A60039FF55 /* AppDelegate.h */ = {isa = PBXFileReference; lastKnownFileType = sourcecode.c.h; path = AppDelegate.h; sourceTree = "<group>"; };
		6C4FDA8A277B73A60039FF55 /* AppDelegate.m */ = {isa = PBXFileReference; lastKnownFileType = sourcecode.c.objc; path = AppDelegate.m; sourceTree = "<group>"; };
		6C4FDA8C277B73A60039FF55 /* SceneDelegate.h */ = {isa = PBXFileReference; lastKnownFileType = sourcecode.c.h; path = SceneDelegate.h; sourceTree = "<group>"; };
		6C4FDA8D277B73A60039FF55 /* SceneDelegate.m */ = {isa = PBXFileReference; lastKnownFileType = sourcecode.c.objc; path = SceneDelegate.m; sourceTree = "<group>"; };
		6C4FDA8F277B73A60039FF55 /* ViewController.h */ = {isa = PBXFileReference; lastKnownFileType = sourcecode.c.h; path = ViewController.h; sourceTree = "<group>"; };
		6C4FDA90277B73A60039FF55 /* ViewController.m */ = {isa = PBXFileReference; lastKnownFileType = sourcecode.c.objc; path = ViewController.m; sourceTree = "<group>"; };
		6C4FDA93277B73A60039FF55 /* Base */ = {isa = PBXFileReference; lastKnownFileType = file.storyboard; name = Base; path = Base.lproj/Main.storyboard; sourceTree = "<group>"; };
		6C4FDA95277B73A70039FF55 /* Assets.xcassets */ = {isa = PBXFileReference; lastKnownFileType = folder.assetcatalog; path = Assets.xcassets; sourceTree = "<group>"; };
		6C4FDA98277B73A70039FF55 /* Base */ = {isa = PBXFileReference; lastKnownFileType = file.storyboard; name = Base; path = Base.lproj/LaunchScreen.storyboard; sourceTree = "<group>"; };
		6C4FDA9A277B73A70039FF55 /* Info.plist */ = {isa = PBXFileReference; lastKnownFileType = text.plist.xml; path = Info.plist; sourceTree = "<group>"; };
		6C4FDA9B277B73A70039FF55 /* main.m */ = {isa = PBXFileReference; lastKnownFileType = sourcecode.c.objc; path = main.m; sourceTree = "<group>"; };
		6C4FDAA5277B73C50039FF55 /* ObjcWithSwift-Bridging-Header.h */ = {isa = PBXFileReference; lastKnownFileType = sourcecode.c.h; path = "ObjcWithSwift-Bridging-Header.h"; sourceTree = "<group>"; };
		6C4FDAA6277B73C60039FF55 /* SecondVC.swift */ = {isa = PBXFileReference; lastKnownFileType = sourcecode.swift; path = SecondVC.swift; sourceTree = "<group>"; };
/* End PBXFileReference section */

/* Begin PBXFrameworksBuildPhase section */
		6C4FDA83277B73A60039FF55 /* Frameworks */ = {
			isa = PBXFrameworksBuildPhase;
			buildActionMask = 2147483647;
			files = (
			);
			runOnlyForDeploymentPostprocessing = 0;
		};
/* End PBXFrameworksBuildPhase section */

/* Begin PBXGroup section */
		6C4FDA7D277B73A60039FF55 = {
			isa = PBXGroup;
			children = (
				6C4FDA88277B73A60039FF55 /* ObjcWithSwift */,
				6C4FDA87277B73A60039FF55 /* Products */,
			);
			sourceTree = "<group>";
		};
		6C4FDA87277B73A60039FF55 /* Products */ = {
			isa = PBXGroup;
			children = (
				6C4FDA86277B73A60039FF55 /* ObjcWithSwift.app */,
			);
			name = Products;
			sourceTree = "<group>";
		};
		6C4FDA88277B73A60039FF55 /* ObjcWithSwift */ = {
			isa = PBXGroup;
			children = (
				6C4FDA89277B73A60039FF55 /* AppDelegate.h */,
				6C4FDA8A277B73A60039FF55 /* AppDelegate.m */,
				6C4FDA8C277B73A60039FF55 /* SceneDelegate.h */,
				6C4FDA8D277B73A60039FF55 /* SceneDelegate.m */,
				6C4FDA8F277B73A60039FF55 /* ViewController.h */,
				6C4FDA90277B73A60039FF55 /* ViewController.m */,
				6C4FDA92277B73A60039FF55 /* Main.storyboard */,
				6C4FDA95277B73A70039FF55 /* Assets.xcassets */,
				6C4FDA97277B73A70039FF55 /* LaunchScreen.storyboard */,
				6C4FDA9A277B73A70039FF55 /* Info.plist */,
				6C4FDA9B277B73A70039FF55 /* main.m */,
				6C4FDAA6277B73C60039FF55 /* SecondVC.swift */,
				6C4FDAA5277B73C50039FF55 /* ObjcWithSwift-Bridging-Header.h */,
			);
			path = ObjcWithSwift;
			sourceTree = "<group>";
		};
/* End PBXGroup section */

/* Begin PBXNativeTarget section */
		6C4FDA85277B73A60039FF55 /* ObjcWithSwift */ = {
			isa = PBXNativeTarget;
			buildConfigurationList = 6C4FDA9F277B73A70039FF55 /* Build configuration list for PBXNativeTarget "ObjcWithSwift" */;
			buildPhases = (
				6C4FDA82277B73A60039FF55 /* Sources */,
				6C4FDA83277B73A60039FF55 /* Frameworks */,
				6C4FDA84277B73A60039FF55 /* Resources */,
			);
			buildRules = (
			);
			dependencies = (
			);
			name = ObjcWithSwift;
			productName = ObjcWithSwift;
			productReference = 6C4FDA86277B73A60039FF55 /* ObjcWithSwift.app */;
			productType = "com.apple.product-type.application";
		};
/* End PBXNativeTarget section */

/* Begin PBXProject section */
		6C4FDA7E277B73A60039FF55 /* Project object */ = {
			isa = PBXProject;
			attributes = {
				BuildIndependentTargetsInParallel = 1;
				LastUpgradeCheck = 1310;
				TargetAttributes = {
					6C4FDA85277B73A60039FF55 = {
						CreatedOnToolsVersion = 13.1;
						LastSwiftMigration = 1310;
					};
				};
			};
			buildConfigurationList = 6C4FDA81277B73A60039FF55 /* Build configuration list for PBXProject "ObjcWithSwift" */;
			compatibilityVersion = "Xcode 13.0";
			developmentRegion = en;
			hasScannedForEncodings = 0;
			knownRegions = (
				en,
				Base,
			);
			mainGroup = 6C4FDA7D277B73A60039FF55;
			productRefGroup = 6C4FDA87277B73A60039FF55 /* Products */;
			projectDirPath = "";
			projectRoot = "";
			targets = (
				6C4FDA85277B73A60039FF55 /* ObjcWithSwift */,
			);
		};
/* End PBXProject section */

/* Begin PBXResourcesBuildPhase section */
		6C4FDA84277B73A60039FF55 /* Resources */ = {
			isa = PBXResourcesBuildPhase;
			buildActionMask = 2147483647;
			files = (
				6C4FDA99277B73A70039FF55 /* LaunchScreen.storyboard in Resources */,
				6C4FDA96277B73A70039FF55 /* Assets.xcassets in Resources */,
				6C4FDA94277B73A60039FF55 /* Main.storyboard in Resources */,
			);
			runOnlyForDeploymentPostprocessing = 0;
		};
/* End PBXResourcesBuildPhase section */

/* Begin PBXSourcesBuildPhase section */
		6C4FDA82277B73A60039FF55 /* Sources */ = {
			isa = PBXSourcesBuildPhase;
			buildActionMask = 2147483647;
			files = (
				6C4FDA91277B73A60039FF55 /* ViewController.m in Sources */,
				6C4FDAA7277B73C60039FF55 /* SecondVC.swift in Sources */,
				6C4FDA8B277B73A60039FF55 /* AppDelegate.m in Sources */,
				6C4FDA9C277B73A70039FF55 /* main.m in Sources */,
				6C4FDA8E277B73A60039FF55 /* SceneDelegate.m in Sources */,
			);
			runOnlyForDeploymentPostprocessing = 0;
		};
/* End PBXSourcesBuildPhase section */

/* Begin PBXVariantGroup section */
		6C4FDA92277B73A60039FF55 /* Main.storyboard */ = {
			isa = PBXVariantGroup;
			children = (
				6C4FDA93277B73A60039FF55 /* Base */,
			);
			name = Main.storyboard;
			sourceTree = "<group>";
		};
		6C4FDA97277B73A70039FF55 /* LaunchScreen.storyboard */ = {
			isa = PBXVariantGroup;
			children = (
				6C4FDA98277B73A70039FF55 /* Base */,
			);
			name = LaunchScreen.storyboard;
			sourceTree = "<group>";
		};
/* End PBXVariantGroup section */

/* Begin XCBuildConfiguration section */
		6C4FDA9D277B73A70039FF55 /* Debug */ = {
			isa = XCBuildConfiguration;
			buildSettings = {
				ALWAYS_SEARCH_USER_PATHS = NO;
				CLANG_ANALYZER_NONNULL = YES;
				CLANG_ANALYZER_NUMBER_OBJECT_CONVERSION = YES_AGGRESSIVE;
				CLANG_CXX_LANGUAGE_STANDARD = "gnu++17";
				CLANG_CXX_LIBRARY = "libc++";
				CLANG_ENABLE_MODULES = YES;
				CLANG_ENABLE_OBJC_ARC = YES;
				CLANG_ENABLE_OBJC_WEAK = YES;
				CLANG_WARN_BLOCK_CAPTURE_AUTORELEASING = YES;
				CLANG_WARN_BOOL_CONVERSION = YES;
				CLANG_WARN_COMMA = YES;
				CLANG_WARN_CONSTANT_CONVERSION = YES;
				CLANG_WARN_DEPRECATED_OBJC_IMPLEMENTATIONS = YES;
				CLANG_WARN_DIRECT_OBJC_ISA_USAGE = YES_ERROR;
				CLANG_WARN_DOCUMENTATION_COMMENTS = YES;
				CLANG_WARN_EMPTY_BODY = YES;
				CLANG_WARN_ENUM_CONVERSION = YES;
				CLANG_WARN_INFINITE_RECURSION = YES;
				CLANG_WARN_INT_CONVERSION = YES;
				CLANG_WARN_NON_LITERAL_NULL_CONVERSION = YES;
				CLANG_WARN_OBJC_IMPLICIT_RETAIN_SELF = YES;
				CLANG_WARN_OBJC_LITERAL_CONVERSION = YES;
				CLANG_WARN_OBJC_ROOT_CLASS = YES_ERROR;
				CLANG_WARN_QUOTED_INCLUDE_IN_FRAMEWORK_HEADER = YES;
				CLANG_WARN_RANGE_LOOP_ANALYSIS = YES;
				CLANG_WARN_STRICT_PROTOTYPES = YES;
				CLANG_WARN_SUSPICIOUS_MOVE = YES;
				CLANG_WARN_UNGUARDED_AVAILABILITY = YES_AGGRESSIVE;
				CLANG_WARN_UNREACHABLE_CODE = YES;
				CLANG_WARN__DUPLICATE_METHOD_MATCH = YES;
				COPY_PHASE_STRIP = NO;
				DEBUG_INFORMATION_FORMAT = dwarf;
				ENABLE_STRICT_OBJC_MSGSEND = YES;
				ENABLE_TESTABILITY = YES;
				GCC_C_LANGUAGE_STANDARD = gnu11;
				GCC_DYNAMIC_NO_PIC = NO;
				GCC_NO_COMMON_BLOCKS = YES;
				GCC_OPTIMIZATION_LEVEL = 0;
				GCC_PREPROCESSOR_DEFINITIONS = (
					"DEBUG=1",
					"$(inherited)",
				);
				GCC_WARN_64_TO_32_BIT_CONVERSION = YES;
				GCC_WARN_ABOUT_RETURN_TYPE = YES_ERROR;
				GCC_WARN_UNDECLARED_SELECTOR = YES;
				GCC_WARN_UNINITIALIZED_AUTOS = YES_AGGRESSIVE;
				GCC_WARN_UNUSED_FUNCTION = YES;
				GCC_WARN_UNUSED_VARIABLE = YES;
				IPHONEOS_DEPLOYMENT_TARGET = 15.0;
				MTL_ENABLE_DEBUG_INFO = INCLUDE_SOURCE;
				MTL_FAST_MATH = YES;
				ONLY_ACTIVE_ARCH = YES;
				SDKROOT = iphoneos;
			};
			name = Debug;
		};
		6C4FDA9E277B73A70039FF55 /* Release */ = {
			isa = XCBuildConfiguration;
			buildSettings = {
				ALWAYS_SEARCH_USER_PATHS = NO;
				CLANG_ANALYZER_NONNULL = YES;
				CLANG_ANALYZER_NUMBER_OBJECT_CONVERSION = YES_AGGRESSIVE;
				CLANG_CXX_LANGUAGE_STANDARD = "gnu++17";
				CLANG_CXX_LIBRARY = "libc++";
				CLANG_ENABLE_MODULES = YES;
				CLANG_ENABLE_OBJC_ARC = YES;
				CLANG_ENABLE_OBJC_WEAK = YES;
				CLANG_WARN_BLOCK_CAPTURE_AUTORELEASING = YES;
				CLANG_WARN_BOOL_CONVERSION = YES;
				CLANG_WARN_COMMA = YES;
				CLANG_WARN_CONSTANT_CONVERSION = YES;
				CLANG_WARN_DEPRECATED_OBJC_IMPLEMENTATIONS = YES;
				CLANG_WARN_DIRECT_OBJC_ISA_USAGE = YES_ERROR;
				CLANG_WARN_DOCUMENTATION_COMMENTS = YES;
				CLANG_WARN_EMPTY_BODY = YES;
				CLANG_WARN_ENUM_CONVERSION = YES;
				CLANG_WARN_INFINITE_RECURSION = YES;
				CLANG_WARN_INT_CONVERSION = YES;
				CLANG_WARN_NON_LITERAL_NULL_CONVERSION = YES;
				CLANG_WARN_OBJC_IMPLICIT_RETAIN_SELF = YES;
				CLANG_WARN_OBJC_LITERAL_CONVERSION = YES;
				CLANG_WARN_OBJC_ROOT_CLASS = YES_ERROR;
				CLANG_WARN_QUOTED_INCLUDE_IN_FRAMEWORK_HEADER = YES;
				CLANG_WARN_RANGE_LOOP_ANALYSIS = YES;
				CLANG_WARN_STRICT_PROTOTYPES = YES;
				CLANG_WARN_SUSPICIOUS_MOVE = YES;
				CLANG_WARN_UNGUARDED_AVAILABILITY = YES_AGGRESSIVE;
				CLANG_WARN_UNREACHABLE_CODE = YES;
				CLANG_WARN__DUPLICATE_METHOD_MATCH = YES;
				COPY_PHASE_STRIP = NO;
				DEBUG_INFORMATION_FORMAT = "dwarf-with-dsym";
				ENABLE_NS_ASSERTIONS = NO;
				ENABLE_STRICT_OBJC_MSGSEND = YES;
				GCC_C_LANGUAGE_STANDARD = gnu11;
				GCC_NO_COMMON_BLOCKS = YES;
				GCC_WARN_64_TO_32_BIT_CONVERSION = YES;
				GCC_WARN_ABOUT_RETURN_TYPE = YES_ERROR;
				GCC_WARN_UNDECLARED_SELECTOR = YES;
				GCC_WARN_UNINITIALIZED_AUTOS = YES_AGGRESSIVE;
				GCC_WARN_UNUSED_FUNCTION = YES;
				GCC_WARN_UNUSED_VARIABLE = YES;
				IPHONEOS_DEPLOYMENT_TARGET = 15.0;
				MTL_ENABLE_DEBUG_INFO = NO;
				MTL_FAST_MATH = YES;
				SDKROOT = iphoneos;
				VALIDATE_PRODUCT = YES;
			};
			name = Release;
		};
		6C4FDAA0277B73A70039FF55 /* Debug */ = {
			isa = XCBuildConfiguration;
			buildSettings = {
				ASSETCATALOG_COMPILER_APPICON_NAME = AppIcon;
				ASSETCATALOG_COMPILER_GLOBAL_ACCENT_COLOR_NAME = AccentColor;
				CLANG_ENABLE_MODULES = YES;
				CODE_SIGN_STYLE = Automatic;
				CURRENT_PROJECT_VERSION = 1;
				DEVELOPMENT_TEAM = 35W7TZ9DUM;
				GENERATE_INFOPLIST_FILE = YES;
				INFOPLIST_FILE = ObjcWithSwift/Info.plist;
				INFOPLIST_KEY_UIApplicationSupportsIndirectInputEvents = YES;
				INFOPLIST_KEY_UILaunchStoryboardName = LaunchScreen;
				INFOPLIST_KEY_UIMainStoryboardFile = Main;
				INFOPLIST_KEY_UISupportedInterfaceOrientations_iPad = "UIInterfaceOrientationPortrait UIInterfaceOrientationPortraitUpsideDown UIInterfaceOrientationLandscapeLeft UIInterfaceOrientationLandscapeRight";
				INFOPLIST_KEY_UISupportedInterfaceOrientations_iPhone = "UIInterfaceOrientationPortrait UIInterfaceOrientationLandscapeLeft UIInterfaceOrientationLandscapeRight";
				LD_RUNPATH_SEARCH_PATHS = (
					"$(inherited)",
					"@executable_path/Frameworks",
				);
				MARKETING_VERSION = 1.0;
				PRODUCT_BUNDLE_IDENTIFIER = com.paigesoftware.ObjcWithSwift;
				PRODUCT_NAME = "$(TARGET_NAME)";
				SWIFT_EMIT_LOC_STRINGS = YES;
				SWIFT_OBJC_BRIDGING_HEADER = "ObjcWithSwift/ObjcWithSwift-Bridging-Header.h";
				SWIFT_OPTIMIZATION_LEVEL = "-Onone";
				SWIFT_VERSION = 5.0;
				TARGETED_DEVICE_FAMILY = "1,2";
			};
			name = Debug;
		};
		6C4FDAA1277B73A70039FF55 /* Release */ = {
			isa = XCBuildConfiguration;
			buildSettings = {
				ASSETCATALOG_COMPILER_APPICON_NAME = AppIcon;
				ASSETCATALOG_COMPILER_GLOBAL_ACCENT_COLOR_NAME = AccentColor;
				CLANG_ENABLE_MODULES = YES;
				CODE_SIGN_STYLE = Automatic;
				CURRENT_PROJECT_VERSION = 1;
				DEVELOPMENT_TEAM = 35W7TZ9DUM;
				GENERATE_INFOPLIST_FILE = YES;
				INFOPLIST_FILE = ObjcWithSwift/Info.plist;
				INFOPLIST_KEY_UIApplicationSupportsIndirectInputEvents = YES;
				INFOPLIST_KEY_UILaunchStoryboardName = LaunchScreen;
				INFOPLIST_KEY_UIMainStoryboardFile = Main;
				INFOPLIST_KEY_UISupportedInterfaceOrientations_iPad = "UIInterfaceOrientationPortrait UIInterfaceOrientationPortraitUpsideDown UIInterfaceOrientationLandscapeLeft UIInterfaceOrientationLandscapeRight";
				INFOPLIST_KEY_UISupportedInterfaceOrientations_iPhone = "UIInterfaceOrientationPortrait UIInterfaceOrientationLandscapeLeft UIInterfaceOrientationLandscapeRight";
				LD_RUNPATH_SEARCH_PATHS = (
					"$(inherited)",
					"@executable_path/Frameworks",
				);
				MARKETING_VERSION = 1.0;
				PRODUCT_BUNDLE_IDENTIFIER = com.paigesoftware.ObjcWithSwift;
				PRODUCT_NAME = "$(TARGET_NAME)";
				SWIFT_EMIT_LOC_STRINGS = YES;
				SWIFT_OBJC_BRIDGING_HEADER = "ObjcWithSwift/ObjcWithSwift-Bridging-Header.h";
				SWIFT_VERSION = 5.0;
				TARGETED_DEVICE_FAMILY = "1,2";
			};
			name = Release;
		};
/* End XCBuildConfiguration section */

/* Begin XCConfigurationList section */
		6C4FDA81277B73A60039FF55 /* Build configuration list for PBXProject "ObjcWithSwift" */ = {
			isa = XCConfigurationList;
			buildConfigurations = (
				6C4FDA9D277B73A70039FF55 /* Debug */,
				6C4FDA9E277B73A70039FF55 /* Release */,
			);
			defaultConfigurationIsVisible = 0;
			defaultConfigurationName = Release;
		};
		6C4FDA9F277B73A70039FF55 /* Build configuration list for PBXNativeTarget "ObjcWithSwift" */ = {
			isa = XCConfigurationList;
			buildConfigurations = (
				6C4FDAA0277B73A70039FF55 /* Debug */,
				6C4FDAA1277B73A70039FF55 /* Release */,
			);
			defaultConfigurationIsVisible = 0;
			defaultConfigurationName = Release;
		};
/* End XCConfigurationList section */
	};
	rootObject = 6C4FDA7E277B73A60039FF55 /* Project object */;
}
